
Microsoft Visual Studio Solution File, Format Version 12.00
# Visual Studio Version 17
VisualStudioVersion = 17.8.34330.188
MinimumVisualStudioVersion = 10.0.40219.1
Project("{FAE04EC0-301F-11D3-BF4B-00C04F79EFBC}") = "Pratice_App_Week9", "Pratice_App_Week9.csproj", "{220E9774-ABAB-491D-8229-2E72EEC53C6C}"
EndProject
Global
	GlobalSection(SolutionConfigurationPlatforms) = preSolution
		Debug|Any CPU = Debug|Any CPU
		Release|Any CPU = Release|Any CPU
	EndGlobalSection
	GlobalSection(ProjectConfigurationPlatforms) = postSolution
		{220E9774-ABAB-491D-8229-2E72EEC53C6C}.Debug|Any CPU.ActiveCfg = Debug|Any CPU
		{220E9774-ABAB-491D-8229-2E72EEC53C6C}.Debug|Any CPU.Build.0 = Debug|Any CPU
		{220E9774-ABAB-491D-8229-2E72EEC53C6C}.Release|Any CPU.ActiveCfg = Release|Any CPU
		{220E9774-ABAB-491D-8229-2E72EEC53C6C}.Release|Any CPU.Build.0 = Release|Any CPU
	EndGlobalSection
	GlobalSection(SolutionProperties) = preSolution
		HideSolutionNode = FALSE
	EndGlobalSection
	GlobalSection(ExtensibilityGlobals) = postSolution
		SolutionGuid = {C64A00F1-68B4-4303-96A7-F3ED406C5A3C}
	EndGlobalSection
EndGlobal
